
Microsoft Visual Studio Solution File, Format Version 12.00
# Visual Studio Version 17
VisualStudioVersion = 17.2.32616.157
MinimumVisualStudioVersion = 10.0.40219.1
Project("{FAE04EC0-301F-11D3-BF4B-00C04F79EFBC}") = "Simple Calculator", "Assignment_8\Simple Calculator.csproj", "{805F0074-C4B1-46D3-BEB6-2B3614A230BA}"
EndProject
Global
	GlobalSection(SolutionConfigurationPlatforms) = preSolution
		Debug|Any CPU = Debug|Any CPU
		Release|Any CPU = Release|Any CPU
	EndGlobalSection
	GlobalSection(ProjectConfigurationPlatforms) = postSolution
		{805F0074-C4B1-46D3-BEB6-2B3614A230BA}.Debug|Any CPU.ActiveCfg = Debug|Any CPU
		{805F0074-C4B1-46D3-BEB6-2B3614A230BA}.Debug|Any CPU.Build.0 = Debug|Any CPU
		{805F0074-C4B1-46D3-BEB6-2B3614A230BA}.Release|Any CPU.ActiveCfg = Release|Any CPU
		{805F0074-C4B1-46D3-BEB6-2B3614A230BA}.Release|Any CPU.Build.0 = Release|Any CPU
	EndGlobalSection
	GlobalSection(SolutionProperties) = preSolution
		HideSolutionNode = FALSE
	EndGlobalSection
	GlobalSection(ExtensibilityGlobals) = postSolution
		SolutionGuid = {B202F581-9915-4982-8B63-0431886CD92B}
	EndGlobalSection
EndGlobal
